// !$*UTF8*$!
{
	archiveVersion = 1;
	classes = {
	};
	objectVersion = 56;
	objects = {

/* Begin PBXBuildFile section */
		88E16DF72AFD439A00F8DDB6 /* GlobalPaymentsCodingChallengeApp.swift in Sources */ = {isa = PBXBuildFile; fileRef = 88E16DF62AFD439A00F8DDB6 /* GlobalPaymentsCodingChallengeApp.swift */; };
		88E16DF92AFD439A00F8DDB6 /* ContentView.swift in Sources */ = {isa = PBXBuildFile; fileRef = 88E16DF82AFD439A00F8DDB6 /* ContentView.swift */; };
		88E16DFB2AFD439B00F8DDB6 /* Assets.xcassets in Resources */ = {isa = PBXBuildFile; fileRef = 88E16DFA2AFD439B00F8DDB6 /* Assets.xcassets */; };
		88E16DFE2AFD439B00F8DDB6 /* Preview Assets.xcassets in Resources */ = {isa = PBXBuildFile; fileRef = 88E16DFD2AFD439B00F8DDB6 /* Preview Assets.xcassets */; };
		88E16E082AFD454E00F8DDB6 /* NetworkService.swift in Sources */ = {isa = PBXBuildFile; fileRef = 88E16E072AFD454D00F8DDB6 /* NetworkService.swift */; };
		88E16E0A2AFD46F900F8DDB6 /* GPError.swift in Sources */ = {isa = PBXBuildFile; fileRef = 88E16E092AFD46F900F8DDB6 /* GPError.swift */; };
		88E16E0C2AFD479E00F8DDB6 /* LaunchListItem.swift in Sources */ = {isa = PBXBuildFile; fileRef = 88E16E0B2AFD479E00F8DDB6 /* LaunchListItem.swift */; };
/* End PBXBuildFile section */

/* Begin PBXFileReference section */
		88E16DF32AFD439A00F8DDB6 /* GlobalPaymentsCodingChallenge.app */ = {isa = PBXFileReference; explicitFileType = wrapper.application; includeInIndex = 0; path = GlobalPaymentsCodingChallenge.app; sourceTree = BUILT_PRODUCTS_DIR; };
		88E16DF62AFD439A00F8DDB6 /* GlobalPaymentsCodingChallengeApp.swift */ = {isa = PBXFileReference; lastKnownFileType = sourcecode.swift; path = GlobalPaymentsCodingChallengeApp.swift; sourceTree = "<group>"; };
		88E16DF82AFD439A00F8DDB6 /* ContentView.swift */ = {isa = PBXFileReference; lastKnownFileType = sourcecode.swift; path = ContentView.swift; sourceTree = "<group>"; };
		88E16DFA2AFD439B00F8DDB6 /* Assets.xcassets */ = {isa = PBXFileReference; lastKnownFileType = folder.assetcatalog; path = Assets.xcassets; sourceTree = "<group>"; };
		88E16DFD2AFD439B00F8DDB6 /* Preview Assets.xcassets */ = {isa = PBXFileReference; lastKnownFileType = folder.assetcatalog; path = "Preview Assets.xcassets"; sourceTree = "<group>"; };
		88E16E072AFD454D00F8DDB6 /* NetworkService.swift */ = {isa = PBXFileReference; lastKnownFileType = sourcecode.swift; path = NetworkService.swift; sourceTree = "<group>"; };
		88E16E092AFD46F900F8DDB6 /* GPError.swift */ = {isa = PBXFileReference; lastKnownFileType = sourcecode.swift; path = GPError.swift; sourceTree = "<group>"; };
		88E16E0B2AFD479E00F8DDB6 /* LaunchListItem.swift */ = {isa = PBXFileReference; lastKnownFileType = sourcecode.swift; path = LaunchListItem.swift; sourceTree = "<group>"; };
/* End PBXFileReference section */

/* Begin PBXFrameworksBuildPhase section */
		88E16DF02AFD439A00F8DDB6 /* Frameworks */ = {
			isa = PBXFrameworksBuildPhase;
			buildActionMask = 2147483647;
			files = (
			);
			runOnlyForDeploymentPostprocessing = 0;
		};
/* End PBXFrameworksBuildPhase section */

/* Begin PBXGroup section */
		88E16DEA2AFD439A00F8DDB6 = {
			isa = PBXGroup;
			children = (
				88E16DF52AFD439A00F8DDB6 /* GlobalPaymentsCodingChallenge */,
				88E16DF42AFD439A00F8DDB6 /* Products */,
			);
			sourceTree = "<group>";
		};
		88E16DF42AFD439A00F8DDB6 /* Products */ = {
			isa = PBXGroup;
			children = (
				88E16DF32AFD439A00F8DDB6 /* GlobalPaymentsCodingChallenge.app */,
			);
			name = Products;
			sourceTree = "<group>";
		};
		88E16DF52AFD439A00F8DDB6 /* GlobalPaymentsCodingChallenge */ = {
			isa = PBXGroup;
			children = (
				88E16E062AFD44F000F8DDB6 /* LaunchDetailUseCase */,
				88E16E052AFD44E400F8DDB6 /* LaunchesListUseCase */,
				88E16E042AFD44DF00F8DDB6 /* Network */,
				88E16DF62AFD439A00F8DDB6 /* GlobalPaymentsCodingChallengeApp.swift */,
				88E16DF82AFD439A00F8DDB6 /* ContentView.swift */,
				88E16DFA2AFD439B00F8DDB6 /* Assets.xcassets */,
				88E16DFC2AFD439B00F8DDB6 /* Preview Content */,
			);
			path = GlobalPaymentsCodingChallenge;
			sourceTree = "<group>";
		};
		88E16DFC2AFD439B00F8DDB6 /* Preview Content */ = {
			isa = PBXGroup;
			children = (
				88E16DFD2AFD439B00F8DDB6 /* Preview Assets.xcassets */,
			);
			path = "Preview Content";
			sourceTree = "<group>";
		};
		88E16E042AFD44DF00F8DDB6 /* Network */ = {
			isa = PBXGroup;
			children = (
				88E16E072AFD454D00F8DDB6 /* NetworkService.swift */,
				88E16E092AFD46F900F8DDB6 /* GPError.swift */,
			);
			path = Network;
			sourceTree = "<group>";
		};
		88E16E052AFD44E400F8DDB6 /* LaunchesListUseCase */ = {
			isa = PBXGroup;
			children = (
				88E16E0B2AFD479E00F8DDB6 /* LaunchListItem.swift */,
			);
			path = LaunchesListUseCase;
			sourceTree = "<group>";
		};
		88E16E062AFD44F000F8DDB6 /* LaunchDetailUseCase */ = {
			isa = PBXGroup;
			children = (
			);
			path = LaunchDetailUseCase;
			sourceTree = "<group>";
		};
/* End PBXGroup section */

/* Begin PBXNativeTarget section */
		88E16DF22AFD439A00F8DDB6 /* GlobalPaymentsCodingChallenge */ = {
			isa = PBXNativeTarget;
			buildConfigurationList = 88E16E012AFD439B00F8DDB6 /* Build configuration list for PBXNativeTarget "GlobalPaymentsCodingChallenge" */;
			buildPhases = (
				88E16DEF2AFD439A00F8DDB6 /* Sources */,
				88E16DF02AFD439A00F8DDB6 /* Frameworks */,
				88E16DF12AFD439A00F8DDB6 /* Resources */,
			);
			buildRules = (
			);
			dependencies = (
			);
			name = GlobalPaymentsCodingChallenge;
			productName = GlobalPaymentsCodingChallenge;
			productReference = 88E16DF32AFD439A00F8DDB6 /* GlobalPaymentsCodingChallenge.app */;
			productType = "com.apple.product-type.application";
		};
/* End PBXNativeTarget section */

/* Begin PBXProject section */
		88E16DEB2AFD439A00F8DDB6 /* Project object */ = {
			isa = PBXProject;
			attributes = {
				BuildIndependentTargetsInParallel = 1;
				LastSwiftUpdateCheck = 1500;
				LastUpgradeCheck = 1500;
				TargetAttributes = {
					88E16DF22AFD439A00F8DDB6 = {
						CreatedOnToolsVersion = 15.0.1;
					};
				};
			};
			buildConfigurationList = 88E16DEE2AFD439A00F8DDB6 /* Build configuration list for PBXProject "GlobalPaymentsCodingChallenge" */;
			compatibilityVersion = "Xcode 14.0";
			developmentRegion = en;
			hasScannedForEncodings = 0;
			knownRegions = (
				en,
				Base,
			);
			mainGroup = 88E16DEA2AFD439A00F8DDB6;
			productRefGroup = 88E16DF42AFD439A00F8DDB6 /* Products */;
			projectDirPath = "";
			projectRoot = "";
			targets = (
				88E16DF22AFD439A00F8DDB6 /* GlobalPaymentsCodingChallenge */,
			);
		};
/* End PBXProject section */

/* Begin PBXResourcesBuildPhase section */
		88E16DF12AFD439A00F8DDB6 /* Resources */ = {
			isa = PBXResourcesBuildPhase;
			buildActionMask = 2147483647;
			files = (
				88E16DFE2AFD439B00F8DDB6 /* Preview Assets.xcassets in Resources */,
				88E16DFB2AFD439B00F8DDB6 /* Assets.xcassets in Resources */,
			);
			runOnlyForDeploymentPostprocessing = 0;
		};
/* End PBXResourcesBuildPhase section */

/* Begin PBXSourcesBuildPhase section */
		88E16DEF2AFD439A00F8DDB6 /* Sources */ = {
			isa = PBXSourcesBuildPhase;
			buildActionMask = 2147483647;
			files = (
				88E16DF92AFD439A00F8DDB6 /* ContentView.swift in Sources */,
				88E16E0A2AFD46F900F8DDB6 /* GPError.swift in Sources */,
				88E16E082AFD454E00F8DDB6 /* NetworkService.swift in Sources */,
				88E16E0C2AFD479E00F8DDB6 /* LaunchListItem.swift in Sources */,
				88E16DF72AFD439A00F8DDB6 /* GlobalPaymentsCodingChallengeApp.swift in Sources */,
			);
			runOnlyForDeploymentPostprocessing = 0;
		};
/* End PBXSourcesBuildPhase section */

/* Begin XCBuildConfiguration section */
		88E16DFF2AFD439B00F8DDB6 /* Debug */ = {
			isa = XCBuildConfiguration;
			buildSettings = {
				ALWAYS_SEARCH_USER_PATHS = NO;
				ASSETCATALOG_COMPILER_GENERATE_SWIFT_ASSET_SYMBOL_EXTENSIONS = YES;
				CLANG_ANALYZER_NONNULL = YES;
				CLANG_ANALYZER_NUMBER_OBJECT_CONVERSION = YES_AGGRESSIVE;
				CLANG_CXX_LANGUAGE_STANDARD = "gnu++20";
				CLANG_ENABLE_MODULES = YES;
				CLANG_ENABLE_OBJC_ARC = YES;
				CLANG_ENABLE_OBJC_WEAK = YES;
				CLANG_WARN_BLOCK_CAPTURE_AUTORELEASING = YES;
				CLANG_WARN_BOOL_CONVERSION = YES;
				CLANG_WARN_COMMA = YES;
				CLANG_WARN_CONSTANT_CONVERSION = YES;
				CLANG_WARN_DEPRECATED_OBJC_IMPLEMENTATIONS = YES;
				CLANG_WARN_DIRECT_OBJC_ISA_USAGE = YES_ERROR;
				CLANG_WARN_DOCUMENTATION_COMMENTS = YES;
				CLANG_WARN_EMPTY_BODY = YES;
				CLANG_WARN_ENUM_CONVERSION = YES;
				CLANG_WARN_INFINITE_RECURSION = YES;
				CLANG_WARN_INT_CONVERSION = YES;
				CLANG_WARN_NON_LITERAL_NULL_CONVERSION = YES;
				CLANG_WARN_OBJC_IMPLICIT_RETAIN_SELF = YES;
				CLANG_WARN_OBJC_LITERAL_CONVERSION = YES;
				CLANG_WARN_OBJC_ROOT_CLASS = YES_ERROR;
				CLANG_WARN_QUOTED_INCLUDE_IN_FRAMEWORK_HEADER = YES;
				CLANG_WARN_RANGE_LOOP_ANALYSIS = YES;
				CLANG_WARN_STRICT_PROTOTYPES = YES;
				CLANG_WARN_SUSPICIOUS_MOVE = YES;
				CLANG_WARN_UNGUARDED_AVAILABILITY = YES_AGGRESSIVE;
				CLANG_WARN_UNREACHABLE_CODE = YES;
				CLANG_WARN__DUPLICATE_METHOD_MATCH = YES;
				COPY_PHASE_STRIP = NO;
				DEBUG_INFORMATION_FORMAT = dwarf;
				ENABLE_STRICT_OBJC_MSGSEND = YES;
				ENABLE_TESTABILITY = YES;
				ENABLE_USER_SCRIPT_SANDBOXING = YES;
				GCC_C_LANGUAGE_STANDARD = gnu17;
				GCC_DYNAMIC_NO_PIC = NO;
				GCC_NO_COMMON_BLOCKS = YES;
				GCC_OPTIMIZATION_LEVEL = 0;
				GCC_PREPROCESSOR_DEFINITIONS = (
					"DEBUG=1",
					"$(inherited)",
				);
				GCC_WARN_64_TO_32_BIT_CONVERSION = YES;
				GCC_WARN_ABOUT_RETURN_TYPE = YES_ERROR;
				GCC_WARN_UNDECLARED_SELECTOR = YES;
				GCC_WARN_UNINITIALIZED_AUTOS = YES_AGGRESSIVE;
				GCC_WARN_UNUSED_FUNCTION = YES;
				GCC_WARN_UNUSED_VARIABLE = YES;
				IPHONEOS_DEPLOYMENT_TARGET = 17.0;
				LOCALIZATION_PREFERS_STRING_CATALOGS = YES;
				MTL_ENABLE_DEBUG_INFO = INCLUDE_SOURCE;
				MTL_FAST_MATH = YES;
				ONLY_ACTIVE_ARCH = YES;
				SDKROOT = iphoneos;
				SWIFT_ACTIVE_COMPILATION_CONDITIONS = "DEBUG $(inherited)";
				SWIFT_OPTIMIZATION_LEVEL = "-Onone";
			};
			name = Debug;
		};
		88E16E002AFD439B00F8DDB6 /* Release */ = {
			isa = XCBuildConfiguration;
			buildSettings = {
				ALWAYS_SEARCH_USER_PATHS = NO;
				ASSETCATALOG_COMPILER_GENERATE_SWIFT_ASSET_SYMBOL_EXTENSIONS = YES;
				CLANG_ANALYZER_NONNULL = YES;
				CLANG_ANALYZER_NUMBER_OBJECT_CONVERSION = YES_AGGRESSIVE;
				CLANG_CXX_LANGUAGE_STANDARD = "gnu++20";
				CLANG_ENABLE_MODULES = YES;
				CLANG_ENABLE_OBJC_ARC = YES;
				CLANG_ENABLE_OBJC_WEAK = YES;
				CLANG_WARN_BLOCK_CAPTURE_AUTORELEASING = YES;
				CLANG_WARN_BOOL_CONVERSION = YES;
				CLANG_WARN_COMMA = YES;
				CLANG_WARN_CONSTANT_CONVERSION = YES;
				CLANG_WARN_DEPRECATED_OBJC_IMPLEMENTATIONS = YES;
				CLANG_WARN_DIRECT_OBJC_ISA_USAGE = YES_ERROR;
				CLANG_WARN_DOCUMENTATION_COMMENTS = YES;
				CLANG_WARN_EMPTY_BODY = YES;
				CLANG_WARN_ENUM_CONVERSION = YES;
				CLANG_WARN_INFINITE_RECURSION = YES;
				CLANG_WARN_INT_CONVERSION = YES;
				CLANG_WARN_NON_LITERAL_NULL_CONVERSION = YES;
				CLANG_WARN_OBJC_IMPLICIT_RETAIN_SELF = YES;
				CLANG_WARN_OBJC_LITERAL_CONVERSION = YES;
				CLANG_WARN_OBJC_ROOT_CLASS = YES_ERROR;
				CLANG_WARN_QUOTED_INCLUDE_IN_FRAMEWORK_HEADER = YES;
				CLANG_WARN_RANGE_LOOP_ANALYSIS = YES;
				CLANG_WARN_STRICT_PROTOTYPES = YES;
				CLANG_WARN_SUSPICIOUS_MOVE = YES;
				CLANG_WARN_UNGUARDED_AVAILABILITY = YES_AGGRESSIVE;
				CLANG_WARN_UNREACHABLE_CODE = YES;
				CLANG_WARN__DUPLICATE_METHOD_MATCH = YES;
				COPY_PHASE_STRIP = NO;
				DEBUG_INFORMATION_FORMAT = "dwarf-with-dsym";
				ENABLE_NS_ASSERTIONS = NO;
				ENABLE_STRICT_OBJC_MSGSEND = YES;
				ENABLE_USER_SCRIPT_SANDBOXING = YES;
				GCC_C_LANGUAGE_STANDARD = gnu17;
				GCC_NO_COMMON_BLOCKS = YES;
				GCC_WARN_64_TO_32_BIT_CONVERSION = YES;
				GCC_WARN_ABOUT_RETURN_TYPE = YES_ERROR;
				GCC_WARN_UNDECLARED_SELECTOR = YES;
				GCC_WARN_UNINITIALIZED_AUTOS = YES_AGGRESSIVE;
				GCC_WARN_UNUSED_FUNCTION = YES;
				GCC_WARN_UNUSED_VARIABLE = YES;
				IPHONEOS_DEPLOYMENT_TARGET = 17.0;
				LOCALIZATION_PREFERS_STRING_CATALOGS = YES;
				MTL_ENABLE_DEBUG_INFO = NO;
				MTL_FAST_MATH = YES;
				SDKROOT = iphoneos;
				SWIFT_COMPILATION_MODE = wholemodule;
				VALIDATE_PRODUCT = YES;
			};
			name = Release;
		};
		88E16E022AFD439B00F8DDB6 /* Debug */ = {
			isa = XCBuildConfiguration;
			buildSettings = {
				ASSETCATALOG_COMPILER_APPICON_NAME = AppIcon;
				ASSETCATALOG_COMPILER_GLOBAL_ACCENT_COLOR_NAME = AccentColor;
				CODE_SIGN_STYLE = Automatic;
				CURRENT_PROJECT_VERSION = 1;
				DEVELOPMENT_ASSET_PATHS = "\"GlobalPaymentsCodingChallenge/Preview Content\"";
				DEVELOPMENT_TEAM = SR9JU2F547;
				ENABLE_PREVIEWS = YES;
				GENERATE_INFOPLIST_FILE = YES;
				INFOPLIST_KEY_UIApplicationSceneManifest_Generation = YES;
				INFOPLIST_KEY_UIApplicationSupportsIndirectInputEvents = YES;
				INFOPLIST_KEY_UILaunchScreen_Generation = YES;
				INFOPLIST_KEY_UISupportedInterfaceOrientations_iPad = "UIInterfaceOrientationPortrait UIInterfaceOrientationPortraitUpsideDown UIInterfaceOrientationLandscapeLeft UIInterfaceOrientationLandscapeRight";
				INFOPLIST_KEY_UISupportedInterfaceOrientations_iPhone = "UIInterfaceOrientationPortrait UIInterfaceOrientationLandscapeLeft UIInterfaceOrientationLandscapeRight";
				LD_RUNPATH_SEARCH_PATHS = (
					"$(inherited)",
					"@executable_path/Frameworks",
				);
				MARKETING_VERSION = 1.0;
				PRODUCT_BUNDLE_IDENTIFIER = com.notkevinvu.GlobalPaymentsCodingChallenge;
				PRODUCT_NAME = "$(TARGET_NAME)";
				SWIFT_EMIT_LOC_STRINGS = YES;
				SWIFT_VERSION = 5.0;
				TARGETED_DEVICE_FAMILY = "1,2";
			};
			name = Debug;
		};
		88E16E032AFD439B00F8DDB6 /* Release */ = {
			isa = XCBuildConfiguration;
			buildSettings = {
				ASSETCATALOG_COMPILER_APPICON_NAME = AppIcon;
				ASSETCATALOG_COMPILER_GLOBAL_ACCENT_COLOR_NAME = AccentColor;
				CODE_SIGN_STYLE = Automatic;
				CURRENT_PROJECT_VERSION = 1;
				DEVELOPMENT_ASSET_PATHS = "\"GlobalPaymentsCodingChallenge/Preview Content\"";
				DEVELOPMENT_TEAM = SR9JU2F547;
				ENABLE_PREVIEWS = YES;
				GENERATE_INFOPLIST_FILE = YES;
				INFOPLIST_KEY_UIApplicationSceneManifest_Generation = YES;
				INFOPLIST_KEY_UIApplicationSupportsIndirectInputEvents = YES;
				INFOPLIST_KEY_UILaunchScreen_Generation = YES;
				INFOPLIST_KEY_UISupportedInterfaceOrientations_iPad = "UIInterfaceOrientationPortrait UIInterfaceOrientationPortraitUpsideDown UIInterfaceOrientationLandscapeLeft UIInterfaceOrientationLandscapeRight";
				INFOPLIST_KEY_UISupportedInterfaceOrientations_iPhone = "UIInterfaceOrientationPortrait UIInterfaceOrientationLandscapeLeft UIInterfaceOrientationLandscapeRight";
				LD_RUNPATH_SEARCH_PATHS = (
					"$(inherited)",
					"@executable_path/Frameworks",
				);
				MARKETING_VERSION = 1.0;
				PRODUCT_BUNDLE_IDENTIFIER = com.notkevinvu.GlobalPaymentsCodingChallenge;
				PRODUCT_NAME = "$(TARGET_NAME)";
				SWIFT_EMIT_LOC_STRINGS = YES;
				SWIFT_VERSION = 5.0;
				TARGETED_DEVICE_FAMILY = "1,2";
			};
			name = Release;
		};
/* End XCBuildConfiguration section */

/* Begin XCConfigurationList section */
		88E16DEE2AFD439A00F8DDB6 /* Build configuration list for PBXProject "GlobalPaymentsCodingChallenge" */ = {
			isa = XCConfigurationList;
			buildConfigurations = (
				88E16DFF2AFD439B00F8DDB6 /* Debug */,
				88E16E002AFD439B00F8DDB6 /* Release */,
			);
			defaultConfigurationIsVisible = 0;
			defaultConfigurationName = Release;
		};
		88E16E012AFD439B00F8DDB6 /* Build configuration list for PBXNativeTarget "GlobalPaymentsCodingChallenge" */ = {
			isa = XCConfigurationList;
			buildConfigurations = (
				88E16E022AFD439B00F8DDB6 /* Debug */,
				88E16E032AFD439B00F8DDB6 /* Release */,
			);
			defaultConfigurationIsVisible = 0;
			defaultConfigurationName = Release;
		};
/* End XCConfigurationList section */
	};
	rootObject = 88E16DEB2AFD439A00F8DDB6 /* Project object */;
}
